
Microsoft Visual Studio Solution File, Format Version 12.00
# Visual Studio Version 17
VisualStudioVersion = 17.10.35122.118
MinimumVisualStudioVersion = 10.0.40219.1
Project("{888888A0-9F3D-457C-B088-3A5042F75D52}") = "Summer", "Summer\Summer.pyproj", "{9B5A20EF-BF78-4132-9826-F54C299AE268}"
EndProject
Global
	GlobalSection(SolutionConfigurationPlatforms) = preSolution
		Debug|Any CPU = Debug|Any CPU
		Release|Any CPU = Release|Any CPU
	EndGlobalSection
	GlobalSection(ProjectConfigurationPlatforms) = postSolution
		{9B5A20EF-BF78-4132-9826-F54C299AE268}.Debug|Any CPU.ActiveCfg = Debug|Any CPU
		{9B5A20EF-BF78-4132-9826-F54C299AE268}.Release|Any CPU.ActiveCfg = Release|Any CPU
	EndGlobalSection
	GlobalSection(SolutionProperties) = preSolution
		HideSolutionNode = FALSE
	EndGlobalSection
	GlobalSection(ExtensibilityGlobals) = postSolution
		SolutionGuid = {EA77DFBE-EF2A-4D18-9481-106A51F4A892}
	EndGlobalSection
EndGlobal
